
Microsoft Visual Studio Solution File, Format Version 12.00
# Visual Studio Version 16
VisualStudioVersion = 16.0.29306.81
MinimumVisualStudioVersion = 10.0.40219.1
Project("{FAE04EC0-301F-11D3-BF4B-00C04F79EFBC}") = "PageNotFoundManager", "PageNotFoundManager\PageNotFoundManager.csproj", "{2F1494AC-E9FA-463D-8658-1E66D40B6E97}"
EndProject
Project("{2150E333-8FDC-42A3-9474-1A3956D46DE8}") = ".nuget", ".nuget", "{2E0D3FFB-8D06-499B-9D55-48DFA927B4CF}"
	ProjectSection(SolutionItems) = preProject
		.nuget\NuGet.Config = .nuget\NuGet.Config
		.nuget\NuGet.exe = .nuget\NuGet.exe
		.nuget\NuGet.targets = .nuget\NuGet.targets
	EndProjectSection
EndProject
Project("{2150E333-8FDC-42A3-9474-1A3956D46DE8}") = "BuildPackage", "BuildPackage", "{35134CA1-6396-4AA8-AD4F-D38319C79B54}"
	ProjectSection(SolutionItems) = preProject
		appveyor.yml = appveyor.yml
		BuildPackages\package.nuspec = BuildPackages\package.nuspec
		BuildPackages\Package.xml = BuildPackages\Package.xml
		Readme.md = Readme.md
		BuildPackages\web.config.install.xdt = BuildPackages\web.config.install.xdt
	EndProjectSection
EndProject
Project("{FAE04EC0-301F-11D3-BF4B-00C04F79EFBC}") = "V8TestSite", "V8TestSite\V8TestSite.csproj", "{B31D293A-414B-4AB9-BF37-B6BDF0DFDF30}"
EndProject
Global
	GlobalSection(SolutionConfigurationPlatforms) = preSolution
		Debug|Any CPU = Debug|Any CPU
		Release|Any CPU = Release|Any CPU
	EndGlobalSection
	GlobalSection(ProjectConfigurationPlatforms) = postSolution
		{2F1494AC-E9FA-463D-8658-1E66D40B6E97}.Debug|Any CPU.ActiveCfg = Debug|Any CPU
		{2F1494AC-E9FA-463D-8658-1E66D40B6E97}.Debug|Any CPU.Build.0 = Debug|Any CPU
		{2F1494AC-E9FA-463D-8658-1E66D40B6E97}.Release|Any CPU.ActiveCfg = Release|Any CPU
		{2F1494AC-E9FA-463D-8658-1E66D40B6E97}.Release|Any CPU.Build.0 = Release|Any CPU
		{B31D293A-414B-4AB9-BF37-B6BDF0DFDF30}.Debug|Any CPU.ActiveCfg = Debug|Any CPU
		{B31D293A-414B-4AB9-BF37-B6BDF0DFDF30}.Debug|Any CPU.Build.0 = Debug|Any CPU
		{B31D293A-414B-4AB9-BF37-B6BDF0DFDF30}.Release|Any CPU.ActiveCfg = Release|Any CPU
		{B31D293A-414B-4AB9-BF37-B6BDF0DFDF30}.Release|Any CPU.Build.0 = Release|Any CPU
	EndGlobalSection
	GlobalSection(SolutionProperties) = preSolution
		HideSolutionNode = FALSE
	EndGlobalSection
	GlobalSection(ExtensibilityGlobals) = postSolution
		SolutionGuid = {C3695346-DA67-4037-88CA-457B58E92F36}
	EndGlobalSection
EndGlobal
